
Microsoft Visual Studio Solution File, Format Version 12.00
Project("{FAE04EC0-301F-11D3-BF4B-00C04F79EFBC}") = "web222", "web222\web222.csproj", "{6FBD6E89-8F84-42A3-B23F-4A90AC6739FB}"
EndProject
Global
	GlobalSection(SolutionConfigurationPlatforms) = preSolution
		Debug|Any CPU = Debug|Any CPU
		Release|Any CPU = Release|Any CPU
	EndGlobalSection
	GlobalSection(ProjectConfigurationPlatforms) = postSolution
		{6FBD6E89-8F84-42A3-B23F-4A90AC6739FB}.Debug|Any CPU.ActiveCfg = Debug|Any CPU
		{6FBD6E89-8F84-42A3-B23F-4A90AC6739FB}.Debug|Any CPU.Build.0 = Debug|Any CPU
		{6FBD6E89-8F84-42A3-B23F-4A90AC6739FB}.Release|Any CPU.ActiveCfg = Release|Any CPU
		{6FBD6E89-8F84-42A3-B23F-4A90AC6739FB}.Release|Any CPU.Build.0 = Release|Any CPU
	EndGlobalSection
EndGlobal
